
Microsoft Visual Studio Solution File, Format Version 12.00
# Visual Studio Version 17
VisualStudioVersion = 17.5.002.0
MinimumVisualStudioVersion = 10.0.40219.1
Project("{9A19103F-16F7-4668-BE54-9A1E7A4F7556}") = "CatalogService", "CatalogService.csproj", "{F12CA775-E67A-4E53-BEC4-DC56991F514B}"
EndProject
Global
	GlobalSection(SolutionConfigurationPlatforms) = preSolution
		Debug|Any CPU = Debug|Any CPU
		Release|Any CPU = Release|Any CPU
	EndGlobalSection
	GlobalSection(ProjectConfigurationPlatforms) = postSolution
		{F12CA775-E67A-4E53-BEC4-DC56991F514B}.Debug|Any CPU.ActiveCfg = Debug|Any CPU
		{F12CA775-E67A-4E53-BEC4-DC56991F514B}.Debug|Any CPU.Build.0 = Debug|Any CPU
		{F12CA775-E67A-4E53-BEC4-DC56991F514B}.Release|Any CPU.ActiveCfg = Release|Any CPU
		{F12CA775-E67A-4E53-BEC4-DC56991F514B}.Release|Any CPU.Build.0 = Release|Any CPU
	EndGlobalSection
	GlobalSection(SolutionProperties) = preSolution
		HideSolutionNode = FALSE
	EndGlobalSection
	GlobalSection(ExtensibilityGlobals) = postSolution
		SolutionGuid = {9DBF2712-8BBE-4E59-8359-E1CC0ED3DC0E}
	EndGlobalSection
EndGlobal
